
Microsoft Visual Studio Solution File, Format Version 12.00
# Visual Studio 15
VisualStudioVersion = 15.0.27130.2027
MinimumVisualStudioVersion = 10.0.40219.1
Project("{FAE04EC0-301F-11D3-BF4B-00C04F79EFBC}") = "CarLibrary", "CarLibrary\CarLibrary.csproj", "{656F19CF-B0C2-4525-AF4E-C448A31F4815}"
EndProject
Project("{FAE04EC0-301F-11D3-BF4B-00C04F79EFBC}") = "WpfApp1", "WpfApp1\WpfApp1.csproj", "{00E976FD-A0EA-46F3-9878-D535582D4523}"
EndProject
Global
	GlobalSection(SolutionConfigurationPlatforms) = preSolution
		Debug|Any CPU = Debug|Any CPU
		Release|Any CPU = Release|Any CPU
	EndGlobalSection
	GlobalSection(ProjectConfigurationPlatforms) = postSolution
		{656F19CF-B0C2-4525-AF4E-C448A31F4815}.Debug|Any CPU.ActiveCfg = Debug|Any CPU
		{656F19CF-B0C2-4525-AF4E-C448A31F4815}.Debug|Any CPU.Build.0 = Debug|Any CPU
		{656F19CF-B0C2-4525-AF4E-C448A31F4815}.Release|Any CPU.ActiveCfg = Release|Any CPU
		{656F19CF-B0C2-4525-AF4E-C448A31F4815}.Release|Any CPU.Build.0 = Release|Any CPU
		{00E976FD-A0EA-46F3-9878-D535582D4523}.Debug|Any CPU.ActiveCfg = Debug|Any CPU
		{00E976FD-A0EA-46F3-9878-D535582D4523}.Debug|Any CPU.Build.0 = Debug|Any CPU
		{00E976FD-A0EA-46F3-9878-D535582D4523}.Release|Any CPU.ActiveCfg = Release|Any CPU
		{00E976FD-A0EA-46F3-9878-D535582D4523}.Release|Any CPU.Build.0 = Release|Any CPU
	EndGlobalSection
	GlobalSection(SolutionProperties) = preSolution
		HideSolutionNode = FALSE
	EndGlobalSection
	GlobalSection(ExtensibilityGlobals) = postSolution
		SolutionGuid = {1C25C3D4-413E-4BC8-B6E2-C05F554EF5C5}
	EndGlobalSection
EndGlobal
